{
  "name": "non-membership",
  "version": "1.0.0",
  "lockfileVersion": 1,
  "requires": true,
  "dependencies": {
    "@azure/abort-controller": {
      "version": "1.0.4",
      "resolved": "https://pkgs.dev.azure.com/prescryptive/_packaging/prescryptive/npm/registry/@azure/abort-controller/-/abort-controller-1.0.4.tgz",
      "integrity": "sha1-/TxNRsjtZ6rOQkmMjiJwlgJQ6v0=",
      "requires": {
        "tslib": "^2.0.0"
      }
    },
    "@azure/core-amqp": {
      "version": "3.0.0",
      "resolved": "https://pkgs.dev.azure.com/prescryptive/_packaging/prescryptive/npm/registry/@azure/core-amqp/-/core-amqp-3.0.0.tgz",
      "integrity": "sha1-P7jT9vw6harPEj30teXBBc1sttY=",
      "requires": {
        "@azure/abort-controller": "^1.0.0",
        "@azure/core-auth": "^1.3.0",
        "@azure/logger": "^1.0.0",
        "buffer": "^5.2.1",
        "events": "^3.0.0",
        "jssha": "^3.1.0",
        "process": "^0.11.10",
        "rhea": "^2.0.2",
        "rhea-promise": "^2.0.0",
        "tslib": "^2.0.0",
        "url": "^0.11.0",
        "util": "^0.12.1"
      },
      "dependencies": {
        "buffer": {
          "version": "5.7.1",
          "resolved": "https://pkgs.dev.azure.com/prescryptive/_packaging/prescryptive/npm/registry/buffer/-/buffer-5.7.1.tgz",
          "integrity": "sha1-umLnwTEzBTWCGXFghRqPZI6Z7tA=",
          "requires": {
            "base64-js": "^1.3.1",
            "ieee754": "^1.1.13"
          }
        }
      }
    },
    "@azure/core-asynciterator-polyfill": {
      "version": "1.0.0",
      "resolved": "https://pkgs.dev.azure.com/prescryptive/_packaging/prescryptive/npm/registry/@azure/core-asynciterator-polyfill/-/core-asynciterator-polyfill-1.0.0.tgz",
      "integrity": "sha1-3MzruIQG5cduDh1S6MxMQ6aLPuc="
    },
    "@azure/core-auth": {
      "version": "1.3.2",
      "resolved": "https://pkgs.dev.azure.com/prescryptive/_packaging/prescryptive/npm/registry/@azure/core-auth/-/core-auth-1.3.2.tgz",
      "integrity": "sha1-aiwkhXbCbfNl9seIHKBLf20I49A=",
      "requires": {
        "@azure/abort-controller": "^1.0.0",
        "tslib": "^2.2.0"
      }
    },
    "@azure/core-http": {
      "version": "2.2.2",
      "resolved": "https://pkgs.dev.azure.com/prescryptive/_packaging/prescryptive/npm/registry/@azure/core-http/-/core-http-2.2.2.tgz",
      "integrity": "sha1-VzeY8IfYCNOapx/XxSuNe4n0QNo=",
      "requires": {
        "@azure/abort-controller": "^1.0.0",
        "@azure/core-asynciterator-polyfill": "^1.0.0",
        "@azure/core-auth": "^1.3.0",
        "@azure/core-tracing": "1.0.0-preview.13",
        "@azure/logger": "^1.0.0",
        "@types/node-fetch": "^2.5.0",
        "@types/tunnel": "^0.0.3",
        "form-data": "^4.0.0",
        "node-fetch": "^2.6.0",
        "process": "^0.11.10",
        "tough-cookie": "^4.0.0",
        "tslib": "^2.2.0",
        "tunnel": "^0.0.6",
        "uuid": "^8.3.0",
        "xml2js": "^0.4.19"
      }
    },
    "@azure/core-paging": {
      "version": "1.2.0",
      "resolved": "https://pkgs.dev.azure.com/prescryptive/_packaging/prescryptive/npm/registry/@azure/core-paging/-/core-paging-1.2.0.tgz",
      "integrity": "sha1-N1TaQp6Gh73DYTx1DnmlZFgugCs=",
      "requires": {
        "@azure/core-asynciterator-polyfill": "^1.0.0",
        "tslib": "^2.2.0"
      }
    },
    "@azure/core-tracing": {
      "version": "1.0.0-preview.13",
      "resolved": "https://pkgs.dev.azure.com/prescryptive/_packaging/prescryptive/npm/registry/@azure/core-tracing/-/core-tracing-1.0.0-preview.13.tgz",
      "integrity": "sha1-VYg9QK4gQvbx4SsX3QwNNMU21kQ=",
      "requires": {
        "@opentelemetry/api": "^1.0.1",
        "tslib": "^2.2.0"
      }
    },
    "@azure/logger": {
      "version": "1.0.3",
      "resolved": "https://pkgs.dev.azure.com/prescryptive/_packaging/prescryptive/npm/registry/@azure/logger/-/logger-1.0.3.tgz",
      "integrity": "sha1-bjZwSqUb59ShuuJHMepYCDYpPJY=",
      "requires": {
        "tslib": "^2.2.0"
      }
    },
    "@azure/service-bus": {
      "version": "7.4.0",
      "resolved": "https://pkgs.dev.azure.com/prescryptive/_packaging/prescryptive/npm/registry/@azure/service-bus/-/service-bus-7.4.0.tgz",
      "integrity": "sha1-/cDoXygwPY+/N1z28gp4IUonx8w=",
      "requires": {
        "@azure/abort-controller": "^1.0.0",
        "@azure/core-amqp": "^3.0.0",
        "@azure/core-asynciterator-polyfill": "^1.0.0",
        "@azure/core-auth": "^1.3.0",
        "@azure/core-http": "^2.0.0",
        "@azure/core-paging": "^1.1.1",
        "@azure/core-tracing": "1.0.0-preview.13",
        "@azure/logger": "^1.0.0",
        "@types/is-buffer": "^2.0.0",
        "@types/long": "^4.0.0",
        "buffer": "^6.0.0",
        "is-buffer": "^2.0.3",
        "jssha": "^3.1.0",
        "long": "^4.0.0",
        "process": "^0.11.10",
        "rhea-promise": "^2.1.0",
        "tslib": "^2.2.0"
      }
    },
    "@opentelemetry/api": {
      "version": "1.0.3",
      "resolved": "https://pkgs.dev.azure.com/prescryptive/_packaging/prescryptive/npm/registry/@opentelemetry/api/-/api-1.0.3.tgz",
      "integrity": "sha1-E6Eq6eBcKngve16Ew8v9pCJer4A="
    },
    "@types/is-buffer": {
      "version": "2.0.0",
      "resolved": "https://pkgs.dev.azure.com/prescryptive/_packaging/prescryptive/npm/registry/@types/is-buffer/-/is-buffer-2.0.0.tgz",
      "integrity": "sha1-lN5NI1QGRt5fXfLNNGocFiBn6lo=",
      "requires": {
        "@types/node": "*"
      }
    },
    "@types/long": {
      "version": "4.0.1",
      "resolved": "https://pkgs.dev.azure.com/prescryptive/_packaging/prescryptive/npm/registry/@types/long/-/long-4.0.1.tgz",
      "integrity": "sha1-RZxl+hhn2v5qjzIsTFFpVmPMVek="
    },
    "@types/node": {
      "version": "16.11.12",
      "resolved": "https://pkgs.dev.azure.com/prescryptive/_packaging/prescryptive/npm/registry/@types/node/-/node-16.11.12.tgz",
      "integrity": "sha1-rH+2k6xYfuGCw3gMJutlVGoaPBA="
    },
    "@types/node-fetch": {
      "version": "2.5.12",
      "resolved": "https://pkgs.dev.azure.com/prescryptive/_packaging/prescryptive/npm/registry/@types/node-fetch/-/node-fetch-2.5.12.tgz",
      "integrity": "sha1-im93mx1OYLelf7b9SNhPtUW5zGY=",
      "requires": {
        "@types/node": "*",
        "form-data": "^3.0.0"
      },
      "dependencies": {
        "form-data": {
          "version": "3.0.1",
          "resolved": "https://pkgs.dev.azure.com/prescryptive/_packaging/prescryptive/npm/registry/form-data/-/form-data-3.0.1.tgz",
          "integrity": "sha1-69U3kbeDVqma+aMA1CgsTV65dV8=",
          "requires": {
            "asynckit": "^0.4.0",
            "combined-stream": "^1.0.8",
            "mime-types": "^2.1.12"
          }
        }
      }
    },
    "@types/tunnel": {
      "version": "0.0.3",
      "resolved": "https://pkgs.dev.azure.com/prescryptive/_packaging/prescryptive/npm/registry/@types/tunnel/-/tunnel-0.0.3.tgz",
      "integrity": "sha1-8QnnMLBysxNjR1YfxVjJNYu4xuk=",
      "requires": {
        "@types/node": "*"
      }
    },
    "@types/webidl-conversions": {
      "version": "6.1.1",
      "resolved": "https://pkgs.dev.azure.com/prescryptive/_packaging/prescryptive/npm/registry/@types/webidl-conversions/-/webidl-conversions-6.1.1.tgz",
      "integrity": "sha1-4zvI6oEqAfY/kEgcZmM0hEsSoJ4="
    },
    "@types/whatwg-url": {
      "version": "8.2.1",
      "resolved": "https://pkgs.dev.azure.com/prescryptive/_packaging/prescryptive/npm/registry/@types/whatwg-url/-/whatwg-url-8.2.1.tgz",
      "integrity": "sha1-8arCItq3xZ4BFmOgywoxF7LvBdQ=",
      "requires": {
        "@types/node": "*",
        "@types/webidl-conversions": "*"
      }
    },
    "asynckit": {
      "version": "0.4.0",
      "resolved": "https://pkgs.dev.azure.com/prescryptive/_packaging/prescryptive/npm/registry/asynckit/-/asynckit-0.4.0.tgz",
      "integrity": "sha1-x57Zf380y48robyXkLzDZkdLS3k="
    },
    "available-typed-arrays": {
      "version": "1.0.5",
      "resolved": "https://pkgs.dev.azure.com/prescryptive/_packaging/prescryptive/npm/registry/available-typed-arrays/-/available-typed-arrays-1.0.5.tgz",
      "integrity": "sha1-kvlWFlAQadB9EO2y/DfT4cZRI7c="
    },
    "base64-js": {
      "version": "1.5.1",
      "resolved": "https://pkgs.dev.azure.com/prescryptive/_packaging/prescryptive/npm/registry/base64-js/-/base64-js-1.5.1.tgz",
      "integrity": "sha1-GxtEAWClv3rUC2UPCVljSBkDkwo="
    },
    "bson": {
      "version": "4.6.0",
      "resolved": "https://pkgs.dev.azure.com/prescryptive/_packaging/prescryptive/npm/registry/bson/-/bson-4.6.0.tgz",
      "integrity": "sha1-FcOzm6OUDD2RWgxE1RRZ9LT78bI=",
      "requires": {
        "buffer": "^5.6.0"
      },
      "dependencies": {
        "buffer": {
          "version": "5.7.1",
          "resolved": "https://pkgs.dev.azure.com/prescryptive/_packaging/prescryptive/npm/registry/buffer/-/buffer-5.7.1.tgz",
          "integrity": "sha1-umLnwTEzBTWCGXFghRqPZI6Z7tA=",
          "requires": {
            "base64-js": "^1.3.1",
            "ieee754": "^1.1.13"
          }
        }
      }
    },
    "buffer": {
      "version": "6.0.3",
      "resolved": "https://pkgs.dev.azure.com/prescryptive/_packaging/prescryptive/npm/registry/buffer/-/buffer-6.0.3.tgz",
      "integrity": "sha1-Ks5XhFnMj74qcKqo9S7mO2p0xsY=",
      "requires": {
        "base64-js": "^1.3.1",
        "ieee754": "^1.2.1"
      }
    },
    "call-bind": {
      "version": "1.0.2",
      "resolved": "https://pkgs.dev.azure.com/prescryptive/_packaging/prescryptive/npm/registry/call-bind/-/call-bind-1.0.2.tgz",
      "integrity": "sha1-sdTonmiBGcPJqQOtMKuy9qkZvjw=",
      "requires": {
        "function-bind": "^1.1.1",
        "get-intrinsic": "^1.0.2"
      }
    },
    "combined-stream": {
      "version": "1.0.8",
      "resolved": "https://pkgs.dev.azure.com/prescryptive/_packaging/prescryptive/npm/registry/combined-stream/-/combined-stream-1.0.8.tgz",
      "integrity": "sha1-w9RaizT9cwYxoRCoolIGgrMdWn8=",
      "requires": {
        "delayed-stream": "~1.0.0"
      }
    },
    "dateformat": {
      "version": "5.0.2",
      "resolved": "https://pkgs.dev.azure.com/prescryptive/_packaging/prescryptive/npm/registry/dateformat/-/dateformat-5.0.2.tgz",
      "integrity": "sha1-DydWCbAuMwb/dtaiBnpuu5jmEUs="
    },
    "debug": {
      "version": "3.2.7",
      "resolved": "https://pkgs.dev.azure.com/prescryptive/_packaging/prescryptive/npm/registry/debug/-/debug-3.2.7.tgz",
      "integrity": "sha1-clgLfpFF+zm2Z2+cXl+xALk0F5o=",
      "requires": {
        "ms": "^2.1.1"
      }
    },
    "define-properties": {
      "version": "1.1.3",
      "resolved": "https://pkgs.dev.azure.com/prescryptive/_packaging/prescryptive/npm/registry/define-properties/-/define-properties-1.1.3.tgz",
      "integrity": "sha1-z4jabL7ib+bbcJT2HYcMvYTO6fE=",
      "requires": {
        "object-keys": "^1.0.12"
      }
    },
    "delayed-stream": {
      "version": "1.0.0",
      "resolved": "https://pkgs.dev.azure.com/prescryptive/_packaging/prescryptive/npm/registry/delayed-stream/-/delayed-stream-1.0.0.tgz",
      "integrity": "sha1-3zrhmayt+31ECqrgsp4icrJOxhk="
    },
    "denque": {
      "version": "2.0.1",
      "resolved": "https://pkgs.dev.azure.com/prescryptive/_packaging/prescryptive/npm/registry/denque/-/denque-2.0.1.tgz",
      "integrity": "sha1-vO9MG4DcMu/pdRV0TyGkIpq4k0o="
    },
    "es-abstract": {
      "version": "1.19.1",
      "resolved": "https://pkgs.dev.azure.com/prescryptive/_packaging/prescryptive/npm/registry/es-abstract/-/es-abstract-1.19.1.tgz",
      "integrity": "sha1-1IhXlodpFpWd547aoN9FZicRXsM=",
      "requires": {
        "call-bind": "^1.0.2",
        "es-to-primitive": "^1.2.1",
        "function-bind": "^1.1.1",
        "get-intrinsic": "^1.1.1",
        "get-symbol-description": "^1.0.0",
        "has": "^1.0.3",
        "has-symbols": "^1.0.2",
        "internal-slot": "^1.0.3",
        "is-callable": "^1.2.4",
        "is-negative-zero": "^2.0.1",
        "is-regex": "^1.1.4",
        "is-shared-array-buffer": "^1.0.1",
        "is-string": "^1.0.7",
        "is-weakref": "^1.0.1",
        "object-inspect": "^1.11.0",
        "object-keys": "^1.1.1",
        "object.assign": "^4.1.2",
        "string.prototype.trimend": "^1.0.4",
        "string.prototype.trimstart": "^1.0.4",
        "unbox-primitive": "^1.0.1"
      }
    },
    "es-to-primitive": {
      "version": "1.2.1",
      "resolved": "https://pkgs.dev.azure.com/prescryptive/_packaging/prescryptive/npm/registry/es-to-primitive/-/es-to-primitive-1.2.1.tgz",
      "integrity": "sha1-5VzUyc3BiLzvsDs2bHNjI/xciYo=",
      "requires": {
        "is-callable": "^1.1.4",
        "is-date-object": "^1.0.1",
        "is-symbol": "^1.0.2"
      }
    },
    "events": {
      "version": "3.3.0",
      "resolved": "https://pkgs.dev.azure.com/prescryptive/_packaging/prescryptive/npm/registry/events/-/events-3.3.0.tgz",
      "integrity": "sha1-Mala0Kkk4tLEGagTrrLE6HjqdAA="
    },
    "foreach": {
      "version": "2.0.5",
      "resolved": "https://pkgs.dev.azure.com/prescryptive/_packaging/prescryptive/npm/registry/foreach/-/foreach-2.0.5.tgz",
      "integrity": "sha1-C+4AUBiusmDQo6865ljdATbsG5k="
    },
    "form-data": {
      "version": "4.0.0",
      "resolved": "https://pkgs.dev.azure.com/prescryptive/_packaging/prescryptive/npm/registry/form-data/-/form-data-4.0.0.tgz",
      "integrity": "sha1-k5Gdrq82HuUpWEubMWZNwSyfpFI=",
      "requires": {
        "asynckit": "^0.4.0",
        "combined-stream": "^1.0.8",
        "mime-types": "^2.1.12"
      }
    },
    "function-bind": {
      "version": "1.1.1",
      "resolved": "https://pkgs.dev.azure.com/prescryptive/_packaging/prescryptive/npm/registry/function-bind/-/function-bind-1.1.1.tgz",
      "integrity": "sha1-pWiZ0+o8m6uHS7l3O3xe3pL0iV0="
    },
    "get-intrinsic": {
      "version": "1.1.1",
      "resolved": "https://pkgs.dev.azure.com/prescryptive/_packaging/prescryptive/npm/registry/get-intrinsic/-/get-intrinsic-1.1.1.tgz",
      "integrity": "sha1-FfWfN2+FXERpY5SPDSTNNje0q8Y=",
      "requires": {
        "function-bind": "^1.1.1",
        "has": "^1.0.3",
        "has-symbols": "^1.0.1"
      }
    },
    "get-symbol-description": {
      "version": "1.0.0",
      "resolved": "https://pkgs.dev.azure.com/prescryptive/_packaging/prescryptive/npm/registry/get-symbol-description/-/get-symbol-description-1.0.0.tgz",
      "integrity": "sha1-f9uByQAQH71WTdXxowr1qtweWNY=",
      "requires": {
        "call-bind": "^1.0.2",
        "get-intrinsic": "^1.1.1"
      }
    },
    "has": {
      "version": "1.0.3",
      "resolved": "https://pkgs.dev.azure.com/prescryptive/_packaging/prescryptive/npm/registry/has/-/has-1.0.3.tgz",
      "integrity": "sha1-ci18v8H2qoJB8W3YFOAR4fQeh5Y=",
      "requires": {
        "function-bind": "^1.1.1"
      }
    },
    "has-bigints": {
      "version": "1.0.1",
      "resolved": "https://pkgs.dev.azure.com/prescryptive/_packaging/prescryptive/npm/registry/has-bigints/-/has-bigints-1.0.1.tgz",
      "integrity": "sha1-ZP5qywIGc+O3jbA1pa9pqp0HsRM="
    },
    "has-symbols": {
      "version": "1.0.2",
      "resolved": "https://pkgs.dev.azure.com/prescryptive/_packaging/prescryptive/npm/registry/has-symbols/-/has-symbols-1.0.2.tgz",
      "integrity": "sha1-Fl0wcMADCXUqEjakeTMeOsVvFCM="
    },
    "has-tostringtag": {
      "version": "1.0.0",
      "resolved": "https://pkgs.dev.azure.com/prescryptive/_packaging/prescryptive/npm/registry/has-tostringtag/-/has-tostringtag-1.0.0.tgz",
      "integrity": "sha1-fhM4GKfTlHNPlB5zw9P5KR5liyU=",
      "requires": {
        "has-symbols": "^1.0.2"
      }
    },
    "ieee754": {
      "version": "1.2.1",
      "resolved": "https://pkgs.dev.azure.com/prescryptive/_packaging/prescryptive/npm/registry/ieee754/-/ieee754-1.2.1.tgz",
      "integrity": "sha1-jrehCmP/8l0VpXsAFYbRd9Gw01I="
    },
    "inherits": {
      "version": "2.0.4",
      "resolved": "https://pkgs.dev.azure.com/prescryptive/_packaging/prescryptive/npm/registry/inherits/-/inherits-2.0.4.tgz",
      "integrity": "sha1-D6LGT5MpF8NDOg3tVTY6rjdBa3w="
    },
    "internal-slot": {
      "version": "1.0.3",
      "resolved": "https://pkgs.dev.azure.com/prescryptive/_packaging/prescryptive/npm/registry/internal-slot/-/internal-slot-1.0.3.tgz",
      "integrity": "sha1-c0fjB97uovqsKsYgXUvH00ln9Zw=",
      "requires": {
        "get-intrinsic": "^1.1.0",
        "has": "^1.0.3",
        "side-channel": "^1.0.4"
      }
    },
    "is-arguments": {
      "version": "1.1.1",
      "resolved": "https://pkgs.dev.azure.com/prescryptive/_packaging/prescryptive/npm/registry/is-arguments/-/is-arguments-1.1.1.tgz",
      "integrity": "sha1-FbP4j9oB8ql/7ITKdhpWDxI++ps=",
      "requires": {
        "call-bind": "^1.0.2",
        "has-tostringtag": "^1.0.0"
      }
    },
    "is-bigint": {
      "version": "1.0.4",
      "resolved": "https://pkgs.dev.azure.com/prescryptive/_packaging/prescryptive/npm/registry/is-bigint/-/is-bigint-1.0.4.tgz",
      "integrity": "sha1-CBR6GHW8KzIAXUHM2Ckd/8ZpHfM=",
      "requires": {
        "has-bigints": "^1.0.1"
      }
    },
    "is-boolean-object": {
      "version": "1.1.2",
      "resolved": "https://pkgs.dev.azure.com/prescryptive/_packaging/prescryptive/npm/registry/is-boolean-object/-/is-boolean-object-1.1.2.tgz",
      "integrity": "sha1-XG3CACRt2TIa5LiFoRS7H3X2Nxk=",
      "requires": {
        "call-bind": "^1.0.2",
        "has-tostringtag": "^1.0.0"
      }
    },
    "is-buffer": {
      "version": "2.0.5",
      "resolved": "https://pkgs.dev.azure.com/prescryptive/_packaging/prescryptive/npm/registry/is-buffer/-/is-buffer-2.0.5.tgz",
      "integrity": "sha1-68JS5ADSL/jXf6CYiIIaJKZYwZE="
    },
    "is-callable": {
      "version": "1.2.4",
      "resolved": "https://pkgs.dev.azure.com/prescryptive/_packaging/prescryptive/npm/registry/is-callable/-/is-callable-1.2.4.tgz",
      "integrity": "sha1-RzAdWN0CWUB4ZVR4U99tYf5HGUU="
    },
    "is-date-object": {
      "version": "1.0.5",
      "resolved": "https://pkgs.dev.azure.com/prescryptive/_packaging/prescryptive/npm/registry/is-date-object/-/is-date-object-1.0.5.tgz",
      "integrity": "sha1-CEHVU25yTCVZe/bqYuG9OCmN8x8=",
      "requires": {
        "has-tostringtag": "^1.0.0"
      }
    },
    "is-generator-function": {
      "version": "1.0.10",
      "resolved": "https://pkgs.dev.azure.com/prescryptive/_packaging/prescryptive/npm/registry/is-generator-function/-/is-generator-function-1.0.10.tgz",
      "integrity": "sha1-8VWLrxrBfg3up8BBXEODUf8rPHI=",
      "requires": {
        "has-tostringtag": "^1.0.0"
      }
    },
    "is-negative-zero": {
      "version": "2.0.2",
      "resolved": "https://pkgs.dev.azure.com/prescryptive/_packaging/prescryptive/npm/registry/is-negative-zero/-/is-negative-zero-2.0.2.tgz",
      "integrity": "sha1-e/bwOigAO4s5Zd46wm9mTXZfMVA="
    },
    "is-number-object": {
      "version": "1.0.6",
      "resolved": "https://pkgs.dev.azure.com/prescryptive/_packaging/prescryptive/npm/registry/is-number-object/-/is-number-object-1.0.6.tgz",
      "integrity": "sha1-anqvg4x/BoalC0VT9+VKlklOifA=",
      "requires": {
        "has-tostringtag": "^1.0.0"
      }
    },
    "is-regex": {
      "version": "1.1.4",
      "resolved": "https://pkgs.dev.azure.com/prescryptive/_packaging/prescryptive/npm/registry/is-regex/-/is-regex-1.1.4.tgz",
      "integrity": "sha1-7vVmPNWfpMCuM5UFMj32hUuxWVg=",
      "requires": {
        "call-bind": "^1.0.2",
        "has-tostringtag": "^1.0.0"
      }
    },
    "is-shared-array-buffer": {
      "version": "1.0.1",
      "resolved": "https://pkgs.dev.azure.com/prescryptive/_packaging/prescryptive/npm/registry/is-shared-array-buffer/-/is-shared-array-buffer-1.0.1.tgz",
      "integrity": "sha1-l7DIX72stZycRG/mU7gs8rW3z+Y="
    },
    "is-string": {
      "version": "1.0.7",
      "resolved": "https://pkgs.dev.azure.com/prescryptive/_packaging/prescryptive/npm/registry/is-string/-/is-string-1.0.7.tgz",
      "integrity": "sha1-DdEr8gBvJVu1j2lREO/3SR7rwP0=",
      "requires": {
        "has-tostringtag": "^1.0.0"
      }
    },
    "is-symbol": {
      "version": "1.0.4",
      "resolved": "https://pkgs.dev.azure.com/prescryptive/_packaging/prescryptive/npm/registry/is-symbol/-/is-symbol-1.0.4.tgz",
      "integrity": "sha1-ptrJO2NbBjymhyI23oiRClevE5w=",
      "requires": {
        "has-symbols": "^1.0.2"
      }
    },
    "is-typed-array": {
      "version": "1.1.8",
      "resolved": "https://pkgs.dev.azure.com/prescryptive/_packaging/prescryptive/npm/registry/is-typed-array/-/is-typed-array-1.1.8.tgz",
      "integrity": "sha1-y6plhdx9tDMYvFuJUj6jhKb2Xnk=",
      "requires": {
        "available-typed-arrays": "^1.0.5",
        "call-bind": "^1.0.2",
        "es-abstract": "^1.18.5",
        "foreach": "^2.0.5",
        "has-tostringtag": "^1.0.0"
      }
    },
    "is-weakref": {
      "version": "1.0.2",
      "resolved": "https://pkgs.dev.azure.com/prescryptive/_packaging/prescryptive/npm/registry/is-weakref/-/is-weakref-1.0.2.tgz",
      "integrity": "sha1-lSnzg6kzggXol2XgOS78LxAPBvI=",
      "requires": {
        "call-bind": "^1.0.2"
      }
    },
    "jssha": {
      "version": "3.2.0",
      "resolved": "https://pkgs.dev.azure.com/prescryptive/_packaging/prescryptive/npm/registry/jssha/-/jssha-3.2.0.tgz",
      "integrity": "sha1-iOxQuGbdFBHerdvms+NpLkxxDxY="
    },
    "long": {
      "version": "4.0.0",
      "resolved": "https://pkgs.dev.azure.com/prescryptive/_packaging/prescryptive/npm/registry/long/-/long-4.0.0.tgz",
      "integrity": "sha1-mntxz7fTYaGU6lVSQckvdGjVvyg="
    },
    "memory-pager": {
      "version": "1.5.0",
      "resolved": "https://pkgs.dev.azure.com/prescryptive/_packaging/prescryptive/npm/registry/memory-pager/-/memory-pager-1.5.0.tgz",
      "integrity": "sha1-2HUWVdItOEaCdByXLyw9bfo+ZrU=",
      "optional": true
    },
    "mime-db": {
      "version": "1.51.0",
      "resolved": "https://pkgs.dev.azure.com/prescryptive/_packaging/prescryptive/npm/registry/mime-db/-/mime-db-1.51.0.tgz",
      "integrity": "sha1-2f9iRRhZsYNC2WCFDcPPt35j+ww="
    },
    "mime-types": {
      "version": "2.1.34",
      "resolved": "https://pkgs.dev.azure.com/prescryptive/_packaging/prescryptive/npm/registry/mime-types/-/mime-types-2.1.34.tgz",
      "integrity": "sha1-WnEvnsFQNRGpRYA2QPr+CdN5PCQ=",
      "requires": {
        "mime-db": "1.51.0"
      }
    },
    "moment": {
      "version": "2.29.1",
      "resolved": "https://pkgs.dev.azure.com/prescryptive/_packaging/prescryptive/npm/registry/moment/-/moment-2.29.1.tgz",
      "integrity": "sha1-sr52n6MZQL6e7qZGnAdeNQBvo9M="
    },
    "mongodb": {
      "version": "4.2.2",
      "resolved": "https://pkgs.dev.azure.com/prescryptive/_packaging/prescryptive/npm/registry/mongodb/-/mongodb-4.2.2.tgz",
      "integrity": "sha1-zXBWi9lgA4d+NTWK0XoMXeNcbf0=",
      "requires": {
        "bson": "^4.6.0",
        "denque": "^2.0.1",
        "mongodb-connection-string-url": "^2.3.2",
        "saslprep": "^1.0.3"
      }
    },
    "mongodb-connection-string-url": {
      "version": "2.3.2",
      "resolved": "https://pkgs.dev.azure.com/prescryptive/_packaging/prescryptive/npm/registry/mongodb-connection-string-url/-/mongodb-connection-string-url-2.3.2.tgz",
      "integrity": "sha1-hJn5nZ8xfp+nbBbESUUduqvkd9c=",
      "requires": {
        "@types/whatwg-url": "^8.2.1",
        "whatwg-url": "^11.0.0"
      },
      "dependencies": {
        "punycode": {
          "version": "2.1.1",
          "resolved": "https://pkgs.dev.azure.com/prescryptive/_packaging/prescryptive/npm/registry/punycode/-/punycode-2.1.1.tgz",
          "integrity": "sha1-tYsBCsQMIsVldhbI0sLALHv0eew="
        },
        "tr46": {
          "version": "3.0.0",
          "resolved": "https://pkgs.dev.azure.com/prescryptive/_packaging/prescryptive/npm/registry/tr46/-/tr46-3.0.0.tgz",
          "integrity": "sha1-VVxOKXqVBhfo7t3vYzyH1NnWy/k=",
          "requires": {
            "punycode": "^2.1.1"
          }
        },
        "webidl-conversions": {
          "version": "7.0.0",
          "resolved": "https://pkgs.dev.azure.com/prescryptive/_packaging/prescryptive/npm/registry/webidl-conversions/-/webidl-conversions-7.0.0.tgz",
          "integrity": "sha1-JWtOGIK+feu/AdBfCqIDl3jqCAo="
        },
        "whatwg-url": {
          "version": "11.0.0",
          "resolved": "https://pkgs.dev.azure.com/prescryptive/_packaging/prescryptive/npm/registry/whatwg-url/-/whatwg-url-11.0.0.tgz",
          "integrity": "sha1-CoSe67X68hGbkBu3b9eVwoSNQBg=",
          "requires": {
            "tr46": "^3.0.0",
            "webidl-conversions": "^7.0.0"
          }
        }
      }
    },
    "ms": {
      "version": "2.1.3",
      "resolved": "https://pkgs.dev.azure.com/prescryptive/_packaging/prescryptive/npm/registry/ms/-/ms-2.1.3.tgz",
      "integrity": "sha1-V0yBOM4dK1hh8LRFedut1gxmFbI="
    },
    "node-fetch": {
      "version": "2.6.6",
      "resolved": "https://pkgs.dev.azure.com/prescryptive/_packaging/prescryptive/npm/registry/node-fetch/-/node-fetch-2.6.6.tgz",
      "integrity": "sha1-F1GnwBg06OFpd1hzLp77burfr4k=",
      "requires": {
        "whatwg-url": "^5.0.0"
      }
    },
    "object-inspect": {
      "version": "1.11.1",
      "resolved": "https://pkgs.dev.azure.com/prescryptive/_packaging/prescryptive/npm/registry/object-inspect/-/object-inspect-1.11.1.tgz",
      "integrity": "sha1-1L19feVLmnVZn1mgC9aYwfHGVJs="
    },
    "object-keys": {
      "version": "1.1.1",
      "resolved": "https://pkgs.dev.azure.com/prescryptive/_packaging/prescryptive/npm/registry/object-keys/-/object-keys-1.1.1.tgz",
      "integrity": "sha1-HEfyct8nfzsdrwYWd9nILiMixg4="
    },
    "object.assign": {
      "version": "4.1.2",
      "resolved": "https://pkgs.dev.azure.com/prescryptive/_packaging/prescryptive/npm/registry/object.assign/-/object.assign-4.1.2.tgz",
      "integrity": "sha1-DtVKNC7Os3s4/3brgxoOeIy2OUA=",
      "requires": {
        "call-bind": "^1.0.0",
        "define-properties": "^1.1.3",
        "has-symbols": "^1.0.1",
        "object-keys": "^1.1.1"
      }
    },
    "process": {
      "version": "0.11.10",
      "resolved": "https://pkgs.dev.azure.com/prescryptive/_packaging/prescryptive/npm/registry/process/-/process-0.11.10.tgz",
      "integrity": "sha1-czIwDoQBYb2j5podHZGn1LwW8YI="
    },
    "psl": {
      "version": "1.8.0",
      "resolved": "https://pkgs.dev.azure.com/prescryptive/_packaging/prescryptive/npm/registry/psl/-/psl-1.8.0.tgz",
      "integrity": "sha1-kyb4vPsBOtzABf3/BWrM4CDlHCQ="
    },
    "punycode": {
      "version": "1.3.2",
      "resolved": "https://pkgs.dev.azure.com/prescryptive/_packaging/prescryptive/npm/registry/punycode/-/punycode-1.3.2.tgz",
      "integrity": "sha1-llOgNvt8HuQjQvIyXM7v6jkmxI0="
    },
    "querystring": {
      "version": "0.2.0",
      "resolved": "https://pkgs.dev.azure.com/prescryptive/_packaging/prescryptive/npm/registry/querystring/-/querystring-0.2.0.tgz",
      "integrity": "sha1-sgmEkgO7Jd+CDadW50cAWHhSFiA="
    },
    "rhea": {
      "version": "2.0.6",
      "resolved": "https://pkgs.dev.azure.com/prescryptive/_packaging/prescryptive/npm/registry/rhea/-/rhea-2.0.6.tgz",
      "integrity": "sha1-40Ksij8EVgy2ls30peZzSuEbLsE=",
      "requires": {
        "debug": "0.8.0 - 3.5.0"
      }
    },
    "rhea-promise": {
      "version": "2.1.0",
      "resolved": "https://pkgs.dev.azure.com/prescryptive/_packaging/prescryptive/npm/registry/rhea-promise/-/rhea-promise-2.1.0.tgz",
      "integrity": "sha1-VA6X9iMCrVSzaLeaNWClHu/SsGM=",
      "requires": {
        "debug": "^3.1.0",
        "rhea": "^2.0.3",
        "tslib": "^2.2.0"
      }
    },
    "safe-buffer": {
      "version": "5.2.1",
      "resolved": "https://pkgs.dev.azure.com/prescryptive/_packaging/prescryptive/npm/registry/safe-buffer/-/safe-buffer-5.2.1.tgz",
      "integrity": "sha1-Hq+fqb2x/dTsdfWPnNtOa3gn7sY="
    },
    "saslprep": {
      "version": "1.0.3",
      "resolved": "https://pkgs.dev.azure.com/prescryptive/_packaging/prescryptive/npm/registry/saslprep/-/saslprep-1.0.3.tgz",
      "integrity": "sha1-TAL5RrVs9UKX40e6EJPnrKxM8iY=",
      "optional": true,
      "requires": {
        "sparse-bitfield": "^3.0.3"
      }
    },
    "sax": {
      "version": "1.2.4",
      "resolved": "https://pkgs.dev.azure.com/prescryptive/_packaging/prescryptive/npm/registry/sax/-/sax-1.2.4.tgz",
      "integrity": "sha1-KBYjTiN4vdxOU1T6tcqold9xANk="
    },
    "side-channel": {
      "version": "1.0.4",
      "resolved": "https://pkgs.dev.azure.com/prescryptive/_packaging/prescryptive/npm/registry/side-channel/-/side-channel-1.0.4.tgz",
      "integrity": "sha1-785cj9wQTudRslxY1CkAEfpeos8=",
      "requires": {
        "call-bind": "^1.0.0",
        "get-intrinsic": "^1.0.2",
        "object-inspect": "^1.9.0"
      }
    },
    "sparse-bitfield": {
      "version": "3.0.3",
      "resolved": "https://pkgs.dev.azure.com/prescryptive/_packaging/prescryptive/npm/registry/sparse-bitfield/-/sparse-bitfield-3.0.3.tgz",
      "integrity": "sha1-/0rm5oZWBWuks+eSqzM004JzyhE=",
      "optional": true,
      "requires": {
        "memory-pager": "^1.0.2"
      }
    },
    "string.prototype.trimend": {
      "version": "1.0.4",
      "resolved": "https://pkgs.dev.azure.com/prescryptive/_packaging/prescryptive/npm/registry/string.prototype.trimend/-/string.prototype.trimend-1.0.4.tgz",
      "integrity": "sha1-51rpDClCxjUEaGwYsoe0oLGkX4A=",
      "requires": {
        "call-bind": "^1.0.2",
        "define-properties": "^1.1.3"
      }
    },
    "string.prototype.trimstart": {
      "version": "1.0.4",
      "resolved": "https://pkgs.dev.azure.com/prescryptive/_packaging/prescryptive/npm/registry/string.prototype.trimstart/-/string.prototype.trimstart-1.0.4.tgz",
      "integrity": "sha1-s2OZr0qymZtMnGSL16P7K7Jv7u0=",
      "requires": {
        "call-bind": "^1.0.2",
        "define-properties": "^1.1.3"
      }
    },
    "tough-cookie": {
      "version": "4.0.0",
      "resolved": "https://pkgs.dev.azure.com/prescryptive/_packaging/prescryptive/npm/registry/tough-cookie/-/tough-cookie-4.0.0.tgz",
      "integrity": "sha1-2CIjTuyogvmR8PkIgkrSYi3b7OQ=",
      "requires": {
        "psl": "^1.1.33",
        "punycode": "^2.1.1",
        "universalify": "^0.1.2"
      },
      "dependencies": {
        "punycode": {
          "version": "2.1.1",
          "resolved": "https://pkgs.dev.azure.com/prescryptive/_packaging/prescryptive/npm/registry/punycode/-/punycode-2.1.1.tgz",
          "integrity": "sha1-tYsBCsQMIsVldhbI0sLALHv0eew="
        }
      }
    },
    "tr46": {
      "version": "0.0.3",
      "resolved": "https://pkgs.dev.azure.com/prescryptive/_packaging/prescryptive/npm/registry/tr46/-/tr46-0.0.3.tgz",
      "integrity": "sha1-gYT9NH2snNwYWZLzpmIuFLnZq2o="
    },
    "tslib": {
      "version": "2.3.1",
      "resolved": "https://pkgs.dev.azure.com/prescryptive/_packaging/prescryptive/npm/registry/tslib/-/tslib-2.3.1.tgz",
      "integrity": "sha1-6KM1rdXOrlGqJh0ypJAVjvBC7wE="
    },
    "tunnel": {
      "version": "0.0.6",
      "resolved": "https://pkgs.dev.azure.com/prescryptive/_packaging/prescryptive/npm/registry/tunnel/-/tunnel-0.0.6.tgz",
      "integrity": "sha1-cvExSzSlsZLbASMk3yzFh8pH+Sw="
    },
    "unbox-primitive": {
      "version": "1.0.1",
      "resolved": "https://pkgs.dev.azure.com/prescryptive/_packaging/prescryptive/npm/registry/unbox-primitive/-/unbox-primitive-1.0.1.tgz",
      "integrity": "sha1-CF4hViXsMWJXTciFmr7nilmxRHE=",
      "requires": {
        "function-bind": "^1.1.1",
        "has-bigints": "^1.0.1",
        "has-symbols": "^1.0.2",
        "which-boxed-primitive": "^1.0.2"
      }
    },
    "universalify": {
      "version": "0.1.2",
      "resolved": "https://pkgs.dev.azure.com/prescryptive/_packaging/prescryptive/npm/registry/universalify/-/universalify-0.1.2.tgz",
      "integrity": "sha1-tkb2m+OULavOzJ1mOcgNwQXvqmY="
    },
    "url": {
      "version": "0.11.0",
      "resolved": "https://pkgs.dev.azure.com/prescryptive/_packaging/prescryptive/npm/registry/url/-/url-0.11.0.tgz",
      "integrity": "sha1-ODjpfPxgUh63PFJajlW/3Z4uKPE=",
      "requires": {
        "punycode": "1.3.2",
        "querystring": "0.2.0"
      }
    },
    "util": {
      "version": "0.12.4",
      "resolved": "https://pkgs.dev.azure.com/prescryptive/_packaging/prescryptive/npm/registry/util/-/util-0.12.4.tgz",
      "integrity": "sha1-ZhIaMUIN+PAcoMRkvhXfodGFAlM=",
      "requires": {
        "inherits": "^2.0.3",
        "is-arguments": "^1.0.4",
        "is-generator-function": "^1.0.7",
        "is-typed-array": "^1.1.3",
        "safe-buffer": "^5.1.2",
        "which-typed-array": "^1.1.2"
      }
    },
    "uuid": {
      "version": "8.3.2",
      "resolved": "https://pkgs.dev.azure.com/prescryptive/_packaging/prescryptive/npm/registry/uuid/-/uuid-8.3.2.tgz",
      "integrity": "sha1-gNW1ztJxu5r2xEXyGhoExgbO++I="
    },
    "webidl-conversions": {
      "version": "3.0.1",
      "resolved": "https://pkgs.dev.azure.com/prescryptive/_packaging/prescryptive/npm/registry/webidl-conversions/-/webidl-conversions-3.0.1.tgz",
      "integrity": "sha1-JFNCdeKnvGvnvIZhHMFq4KVlSHE="
    },
    "whatwg-url": {
      "version": "5.0.0",
      "resolved": "https://pkgs.dev.azure.com/prescryptive/_packaging/prescryptive/npm/registry/whatwg-url/-/whatwg-url-5.0.0.tgz",
      "integrity": "sha1-lmRU6HZUYuN2RNNib2dCzotwll0=",
      "requires": {
        "tr46": "~0.0.3",
        "webidl-conversions": "^3.0.0"
      }
    },
    "which-boxed-primitive": {
      "version": "1.0.2",
      "resolved": "https://pkgs.dev.azure.com/prescryptive/_packaging/prescryptive/npm/registry/which-boxed-primitive/-/which-boxed-primitive-1.0.2.tgz",
      "integrity": "sha1-E3V7yJsgmwSf5dhkMOIc9AqJqOY=",
      "requires": {
        "is-bigint": "^1.0.1",
        "is-boolean-object": "^1.1.0",
        "is-number-object": "^1.0.4",
        "is-string": "^1.0.5",
        "is-symbol": "^1.0.3"
      }
    },
    "which-typed-array": {
      "version": "1.1.7",
      "resolved": "https://pkgs.dev.azure.com/prescryptive/_packaging/prescryptive/npm/registry/which-typed-array/-/which-typed-array-1.1.7.tgz",
      "integrity": "sha1-J2F5m5oi1LhmCzwbQKuqdzlpF5M=",
      "requires": {
        "available-typed-arrays": "^1.0.5",
        "call-bind": "^1.0.2",
        "es-abstract": "^1.18.5",
        "foreach": "^2.0.5",
        "has-tostringtag": "^1.0.0",
        "is-typed-array": "^1.1.7"
      }
    },
    "xml2js": {
      "version": "0.4.23",
      "resolved": "https://pkgs.dev.azure.com/prescryptive/_packaging/prescryptive/npm/registry/xml2js/-/xml2js-0.4.23.tgz",
      "integrity": "sha1-oMaVFnUkIesqx1juTUzPWIQ+rGY=",
      "requires": {
        "sax": ">=0.6.0",
        "xmlbuilder": "~11.0.0"
      }
    },
    "xmlbuilder": {
      "version": "11.0.1",
      "resolved": "https://pkgs.dev.azure.com/prescryptive/_packaging/prescryptive/npm/registry/xmlbuilder/-/xmlbuilder-11.0.1.tgz",
      "integrity": "sha1-vpuuHIoEbnazESdyY0fQrXACvrM="
    }
  }
}
